
Microsoft Visual Studio Solution File, Format Version 12.00
# Visual Studio Version 16
VisualStudioVersion = 16.0.29911.84
MinimumVisualStudioVersion = 10.0.40219.1
Project("{FAE04EC0-301F-11D3-BF4B-00C04F79EFBC}") = "easychat.UWP", "easychat\easychat.UWP\easychat.UWP.csproj", "{08CB4A81-E70F-489B-A96A-4FCC50127C07}"
EndProject
Project("{FAE04EC0-301F-11D3-BF4B-00C04F79EFBC}") = "easychat.Android", "easychat\easychat.Android\easychat.Android.csproj", "{0947F751-B5FA-426B-94A4-BF3926472B27}"
EndProject
Project("{FAE04EC0-301F-11D3-BF4B-00C04F79EFBC}") = "easychat.iOS", "easychat\easychat.iOS\easychat.iOS.csproj", "{CA4B1690-751C-437A-A1AA-C01E37246D69}"
EndProject
Project("{9A19103F-16F7-4668-BE54-9A1E7A4F7556}") = "easychat", "easychat\easychat\easychat.csproj", "{9A6F490D-63EA-4364-803A-23D1E10E5C7A}"
EndProject
Project("{9A19103F-16F7-4668-BE54-9A1E7A4F7556}") = "Firebase.Auth", "easychat\Firebase.Auth\Firebase.Auth.csproj", "{70CC5782-E5F4-472B-AE41-2DCE21BE1C6C}"
EndProject
Global
	GlobalSection(SolutionConfigurationPlatforms) = preSolution
		Debug|Any CPU = Debug|Any CPU
		Debug|ARM = Debug|ARM
		Debug|iPhone = Debug|iPhone
		Debug|iPhoneSimulator = Debug|iPhoneSimulator
		Debug|x64 = Debug|x64
		Debug|x86 = Debug|x86
		Release|Any CPU = Release|Any CPU
		Release|ARM = Release|ARM
		Release|iPhone = Release|iPhone
		Release|iPhoneSimulator = Release|iPhoneSimulator
		Release|x64 = Release|x64
		Release|x86 = Release|x86
	EndGlobalSection
	GlobalSection(ProjectConfigurationPlatforms) = postSolution
		{08CB4A81-E70F-489B-A96A-4FCC50127C07}.Debug|Any CPU.ActiveCfg = Debug|x86
		{08CB4A81-E70F-489B-A96A-4FCC50127C07}.Debug|Any CPU.Build.0 = Debug|x86
		{08CB4A81-E70F-489B-A96A-4FCC50127C07}.Debug|Any CPU.Deploy.0 = Debug|x86
		{08CB4A81-E70F-489B-A96A-4FCC50127C07}.Debug|ARM.ActiveCfg = Debug|ARM
		{08CB4A81-E70F-489B-A96A-4FCC50127C07}.Debug|ARM.Build.0 = Debug|ARM
		{08CB4A81-E70F-489B-A96A-4FCC50127C07}.Debug|ARM.Deploy.0 = Debug|ARM
		{08CB4A81-E70F-489B-A96A-4FCC50127C07}.Debug|iPhone.ActiveCfg = Debug|x86
		{08CB4A81-E70F-489B-A96A-4FCC50127C07}.Debug|iPhone.Build.0 = Debug|x86
		{08CB4A81-E70F-489B-A96A-4FCC50127C07}.Debug|iPhone.Deploy.0 = Debug|x86
		{08CB4A81-E70F-489B-A96A-4FCC50127C07}.Debug|iPhoneSimulator.ActiveCfg = Debug|x86
		{08CB4A81-E70F-489B-A96A-4FCC50127C07}.Debug|iPhoneSimulator.Build.0 = Debug|x86
		{08CB4A81-E70F-489B-A96A-4FCC50127C07}.Debug|iPhoneSimulator.Deploy.0 = Debug|x86
		{08CB4A81-E70F-489B-A96A-4FCC50127C07}.Debug|x64.ActiveCfg = Debug|x64
		{08CB4A81-E70F-489B-A96A-4FCC50127C07}.Debug|x64.Build.0 = Debug|x64
		{08CB4A81-E70F-489B-A96A-4FCC50127C07}.Debug|x64.Deploy.0 = Debug|x64
		{08CB4A81-E70F-489B-A96A-4FCC50127C07}.Debug|x86.ActiveCfg = Debug|x86
		{08CB4A81-E70F-489B-A96A-4FCC50127C07}.Debug|x86.Build.0 = Debug|x86
		{08CB4A81-E70F-489B-A96A-4FCC50127C07}.Debug|x86.Deploy.0 = Debug|x86
		{08CB4A81-E70F-489B-A96A-4FCC50127C07}.Release|Any CPU.ActiveCfg = Release|x86
		{08CB4A81-E70F-489B-A96A-4FCC50127C07}.Release|Any CPU.Build.0 = Release|x86
		{08CB4A81-E70F-489B-A96A-4FCC50127C07}.Release|Any CPU.Deploy.0 = Release|x86
		{08CB4A81-E70F-489B-A96A-4FCC50127C07}.Release|ARM.ActiveCfg = Release|ARM
		{08CB4A81-E70F-489B-A96A-4FCC50127C07}.Release|ARM.Build.0 = Release|ARM
		{08CB4A81-E70F-489B-A96A-4FCC50127C07}.Release|ARM.Deploy.0 = Release|ARM
		{08CB4A81-E70F-489B-A96A-4FCC50127C07}.Release|iPhone.ActiveCfg = Release|x86
		{08CB4A81-E70F-489B-A96A-4FCC50127C07}.Release|iPhone.Build.0 = Release|x86
		{08CB4A81-E70F-489B-A96A-4FCC50127C07}.Release|iPhone.Deploy.0 = Release|x86
		{08CB4A81-E70F-489B-A96A-4FCC50127C07}.Release|iPhoneSimulator.ActiveCfg = Release|x86
		{08CB4A81-E70F-489B-A96A-4FCC50127C07}.Release|iPhoneSimulator.Build.0 = Release|x86
		{08CB4A81-E70F-489B-A96A-4FCC50127C07}.Release|iPhoneSimulator.Deploy.0 = Release|x86
		{08CB4A81-E70F-489B-A96A-4FCC50127C07}.Release|x64.ActiveCfg = Release|x64
		{08CB4A81-E70F-489B-A96A-4FCC50127C07}.Release|x64.Build.0 = Release|x64
		{08CB4A81-E70F-489B-A96A-4FCC50127C07}.Release|x64.Deploy.0 = Release|x64
		{08CB4A81-E70F-489B-A96A-4FCC50127C07}.Release|x86.ActiveCfg = Release|x86
		{08CB4A81-E70F-489B-A96A-4FCC50127C07}.Release|x86.Build.0 = Release|x86
		{08CB4A81-E70F-489B-A96A-4FCC50127C07}.Release|x86.Deploy.0 = Release|x86
		{0947F751-B5FA-426B-94A4-BF3926472B27}.Debug|Any CPU.ActiveCfg = Debug|Any CPU
		{0947F751-B5FA-426B-94A4-BF3926472B27}.Debug|Any CPU.Build.0 = Debug|Any CPU
		{0947F751-B5FA-426B-94A4-BF3926472B27}.Debug|Any CPU.Deploy.0 = Debug|Any CPU
		{0947F751-B5FA-426B-94A4-BF3926472B27}.Debug|ARM.ActiveCfg = Debug|Any CPU
		{0947F751-B5FA-426B-94A4-BF3926472B27}.Debug|ARM.Build.0 = Debug|Any CPU
		{0947F751-B5FA-426B-94A4-BF3926472B27}.Debug|ARM.Deploy.0 = Debug|Any CPU
		{0947F751-B5FA-426B-94A4-BF3926472B27}.Debug|iPhone.ActiveCfg = Debug|Any CPU
		{0947F751-B5FA-426B-94A4-BF3926472B27}.Debug|iPhone.Build.0 = Debug|Any CPU
		{0947F751-B5FA-426B-94A4-BF3926472B27}.Debug|iPhone.Deploy.0 = Debug|Any CPU
		{0947F751-B5FA-426B-94A4-BF3926472B27}.Debug|iPhoneSimulator.ActiveCfg = Debug|Any CPU
		{0947F751-B5FA-426B-94A4-BF3926472B27}.Debug|iPhoneSimulator.Build.0 = Debug|Any CPU
		{0947F751-B5FA-426B-94A4-BF3926472B27}.Debug|iPhoneSimulator.Deploy.0 = Debug|Any CPU
		{0947F751-B5FA-426B-94A4-BF3926472B27}.Debug|x64.ActiveCfg = Debug|Any CPU
		{0947F751-B5FA-426B-94A4-BF3926472B27}.Debug|x64.Build.0 = Debug|Any CPU
		{0947F751-B5FA-426B-94A4-BF3926472B27}.Debug|x64.Deploy.0 = Debug|Any CPU
		{0947F751-B5FA-426B-94A4-BF3926472B27}.Debug|x86.ActiveCfg = Debug|Any CPU
		{0947F751-B5FA-426B-94A4-BF3926472B27}.Debug|x86.Build.0 = Debug|Any CPU
		{0947F751-B5FA-426B-94A4-BF3926472B27}.Debug|x86.Deploy.0 = Debug|Any CPU
		{0947F751-B5FA-426B-94A4-BF3926472B27}.Release|Any CPU.ActiveCfg = Release|Any CPU
		{0947F751-B5FA-426B-94A4-BF3926472B27}.Release|Any CPU.Build.0 = Release|Any CPU
		{0947F751-B5FA-426B-94A4-BF3926472B27}.Release|Any CPU.Deploy.0 = Release|Any CPU
		{0947F751-B5FA-426B-94A4-BF3926472B27}.Release|ARM.ActiveCfg = Release|Any CPU
		{0947F751-B5FA-426B-94A4-BF3926472B27}.Release|ARM.Build.0 = Release|Any CPU
		{0947F751-B5FA-426B-94A4-BF3926472B27}.Release|ARM.Deploy.0 = Release|Any CPU
		{0947F751-B5FA-426B-94A4-BF3926472B27}.Release|iPhone.ActiveCfg = Release|Any CPU
		{0947F751-B5FA-426B-94A4-BF3926472B27}.Release|iPhone.Build.0 = Release|Any CPU
		{0947F751-B5FA-426B-94A4-BF3926472B27}.Release|iPhone.Deploy.0 = Release|Any CPU
		{0947F751-B5FA-426B-94A4-BF3926472B27}.Release|iPhoneSimulator.ActiveCfg = Release|Any CPU
		{0947F751-B5FA-426B-94A4-BF3926472B27}.Release|iPhoneSimulator.Build.0 = Release|Any CPU
		{0947F751-B5FA-426B-94A4-BF3926472B27}.Release|iPhoneSimulator.Deploy.0 = Release|Any CPU
		{0947F751-B5FA-426B-94A4-BF3926472B27}.Release|x64.ActiveCfg = Release|Any CPU
		{0947F751-B5FA-426B-94A4-BF3926472B27}.Release|x64.Build.0 = Release|Any CPU
		{0947F751-B5FA-426B-94A4-BF3926472B27}.Release|x64.Deploy.0 = Release|Any CPU
		{0947F751-B5FA-426B-94A4-BF3926472B27}.Release|x86.ActiveCfg = Release|Any CPU
		{0947F751-B5FA-426B-94A4-BF3926472B27}.Release|x86.Build.0 = Release|Any CPU
		{0947F751-B5FA-426B-94A4-BF3926472B27}.Release|x86.Deploy.0 = Release|Any CPU
		{CA4B1690-751C-437A-A1AA-C01E37246D69}.Debug|Any CPU.ActiveCfg = Debug|iPhone
		{CA4B1690-751C-437A-A1AA-C01E37246D69}.Debug|Any CPU.Build.0 = Debug|iPhone
		{CA4B1690-751C-437A-A1AA-C01E37246D69}.Debug|Any CPU.Deploy.0 = Debug|iPhone
		{CA4B1690-751C-437A-A1AA-C01E37246D69}.Debug|ARM.ActiveCfg = Debug|iPhone
		{CA4B1690-751C-437A-A1AA-C01E37246D69}.Debug|ARM.Build.0 = Debug|iPhone
		{CA4B1690-751C-437A-A1AA-C01E37246D69}.Debug|ARM.Deploy.0 = Debug|iPhone
		{CA4B1690-751C-437A-A1AA-C01E37246D69}.Debug|iPhone.ActiveCfg = Debug|iPhone
		{CA4B1690-751C-437A-A1AA-C01E37246D69}.Debug|iPhone.Build.0 = Debug|iPhone
		{CA4B1690-751C-437A-A1AA-C01E37246D69}.Debug|iPhone.Deploy.0 = Debug|iPhone
		{CA4B1690-751C-437A-A1AA-C01E37246D69}.Debug|iPhoneSimulator.ActiveCfg = Debug|iPhoneSimulator
		{CA4B1690-751C-437A-A1AA-C01E37246D69}.Debug|iPhoneSimulator.Build.0 = Debug|iPhoneSimulator
		{CA4B1690-751C-437A-A1AA-C01E37246D69}.Debug|iPhoneSimulator.Deploy.0 = Debug|iPhoneSimulator
		{CA4B1690-751C-437A-A1AA-C01E37246D69}.Debug|x64.ActiveCfg = Debug|iPhone
		{CA4B1690-751C-437A-A1AA-C01E37246D69}.Debug|x64.Build.0 = Debug|iPhone
		{CA4B1690-751C-437A-A1AA-C01E37246D69}.Debug|x64.Deploy.0 = Debug|iPhone
		{CA4B1690-751C-437A-A1AA-C01E37246D69}.Debug|x86.ActiveCfg = Debug|iPhone
		{CA4B1690-751C-437A-A1AA-C01E37246D69}.Debug|x86.Build.0 = Debug|iPhone
		{CA4B1690-751C-437A-A1AA-C01E37246D69}.Debug|x86.Deploy.0 = Debug|iPhone
		{CA4B1690-751C-437A-A1AA-C01E37246D69}.Release|Any CPU.ActiveCfg = Release|iPhone
		{CA4B1690-751C-437A-A1AA-C01E37246D69}.Release|Any CPU.Build.0 = Release|iPhone
		{CA4B1690-751C-437A-A1AA-C01E37246D69}.Release|Any CPU.Deploy.0 = Release|iPhone
		{CA4B1690-751C-437A-A1AA-C01E37246D69}.Release|ARM.ActiveCfg = Release|iPhone
		{CA4B1690-751C-437A-A1AA-C01E37246D69}.Release|ARM.Build.0 = Release|iPhone
		{CA4B1690-751C-437A-A1AA-C01E37246D69}.Release|ARM.Deploy.0 = Release|iPhone
		{CA4B1690-751C-437A-A1AA-C01E37246D69}.Release|iPhone.ActiveCfg = Release|iPhone
		{CA4B1690-751C-437A-A1AA-C01E37246D69}.Release|iPhone.Build.0 = Release|iPhone
		{CA4B1690-751C-437A-A1AA-C01E37246D69}.Release|iPhone.Deploy.0 = Release|iPhone
		{CA4B1690-751C-437A-A1AA-C01E37246D69}.Release|iPhoneSimulator.ActiveCfg = Release|iPhoneSimulator
		{CA4B1690-751C-437A-A1AA-C01E37246D69}.Release|iPhoneSimulator.Build.0 = Release|iPhoneSimulator
		{CA4B1690-751C-437A-A1AA-C01E37246D69}.Release|iPhoneSimulator.Deploy.0 = Release|iPhoneSimulator
		{CA4B1690-751C-437A-A1AA-C01E37246D69}.Release|x64.ActiveCfg = Release|iPhone
		{CA4B1690-751C-437A-A1AA-C01E37246D69}.Release|x64.Build.0 = Release|iPhone
		{CA4B1690-751C-437A-A1AA-C01E37246D69}.Release|x64.Deploy.0 = Release|iPhone
		{CA4B1690-751C-437A-A1AA-C01E37246D69}.Release|x86.ActiveCfg = Release|iPhone
		{CA4B1690-751C-437A-A1AA-C01E37246D69}.Release|x86.Build.0 = Release|iPhone
		{CA4B1690-751C-437A-A1AA-C01E37246D69}.Release|x86.Deploy.0 = Release|iPhone
		{9A6F490D-63EA-4364-803A-23D1E10E5C7A}.Debug|Any CPU.ActiveCfg = Debug|Any CPU
		{9A6F490D-63EA-4364-803A-23D1E10E5C7A}.Debug|Any CPU.Build.0 = Debug|Any CPU
		{9A6F490D-63EA-4364-803A-23D1E10E5C7A}.Debug|Any CPU.Deploy.0 = Debug|Any CPU
		{9A6F490D-63EA-4364-803A-23D1E10E5C7A}.Debug|ARM.ActiveCfg = Debug|Any CPU
		{9A6F490D-63EA-4364-803A-23D1E10E5C7A}.Debug|ARM.Build.0 = Debug|Any CPU
		{9A6F490D-63EA-4364-803A-23D1E10E5C7A}.Debug|ARM.Deploy.0 = Debug|Any CPU
		{9A6F490D-63EA-4364-803A-23D1E10E5C7A}.Debug|iPhone.ActiveCfg = Debug|Any CPU
		{9A6F490D-63EA-4364-803A-23D1E10E5C7A}.Debug|iPhone.Build.0 = Debug|Any CPU
		{9A6F490D-63EA-4364-803A-23D1E10E5C7A}.Debug|iPhone.Deploy.0 = Debug|Any CPU
		{9A6F490D-63EA-4364-803A-23D1E10E5C7A}.Debug|iPhoneSimulator.ActiveCfg = Debug|Any CPU
		{9A6F490D-63EA-4364-803A-23D1E10E5C7A}.Debug|iPhoneSimulator.Build.0 = Debug|Any CPU
		{9A6F490D-63EA-4364-803A-23D1E10E5C7A}.Debug|iPhoneSimulator.Deploy.0 = Debug|Any CPU
		{9A6F490D-63EA-4364-803A-23D1E10E5C7A}.Debug|x64.ActiveCfg = Debug|Any CPU
		{9A6F490D-63EA-4364-803A-23D1E10E5C7A}.Debug|x64.Build.0 = Debug|Any CPU
		{9A6F490D-63EA-4364-803A-23D1E10E5C7A}.Debug|x64.Deploy.0 = Debug|Any CPU
		{9A6F490D-63EA-4364-803A-23D1E10E5C7A}.Debug|x86.ActiveCfg = Debug|Any CPU
		{9A6F490D-63EA-4364-803A-23D1E10E5C7A}.Debug|x86.Build.0 = Debug|Any CPU
		{9A6F490D-63EA-4364-803A-23D1E10E5C7A}.Debug|x86.Deploy.0 = Debug|Any CPU
		{9A6F490D-63EA-4364-803A-23D1E10E5C7A}.Release|Any CPU.ActiveCfg = Release|Any CPU
		{9A6F490D-63EA-4364-803A-23D1E10E5C7A}.Release|Any CPU.Build.0 = Release|Any CPU
		{9A6F490D-63EA-4364-803A-23D1E10E5C7A}.Release|Any CPU.Deploy.0 = Release|Any CPU
		{9A6F490D-63EA-4364-803A-23D1E10E5C7A}.Release|ARM.ActiveCfg = Release|Any CPU
		{9A6F490D-63EA-4364-803A-23D1E10E5C7A}.Release|ARM.Build.0 = Release|Any CPU
		{9A6F490D-63EA-4364-803A-23D1E10E5C7A}.Release|ARM.Deploy.0 = Release|Any CPU
		{9A6F490D-63EA-4364-803A-23D1E10E5C7A}.Release|iPhone.ActiveCfg = Release|Any CPU
		{9A6F490D-63EA-4364-803A-23D1E10E5C7A}.Release|iPhone.Build.0 = Release|Any CPU
		{9A6F490D-63EA-4364-803A-23D1E10E5C7A}.Release|iPhone.Deploy.0 = Release|Any CPU
		{9A6F490D-63EA-4364-803A-23D1E10E5C7A}.Release|iPhoneSimulator.ActiveCfg = Release|Any CPU
		{9A6F490D-63EA-4364-803A-23D1E10E5C7A}.Release|iPhoneSimulator.Build.0 = Release|Any CPU
		{9A6F490D-63EA-4364-803A-23D1E10E5C7A}.Release|iPhoneSimulator.Deploy.0 = Release|Any CPU
		{9A6F490D-63EA-4364-803A-23D1E10E5C7A}.Release|x64.ActiveCfg = Release|Any CPU
		{9A6F490D-63EA-4364-803A-23D1E10E5C7A}.Release|x64.Build.0 = Release|Any CPU
		{9A6F490D-63EA-4364-803A-23D1E10E5C7A}.Release|x64.Deploy.0 = Release|Any CPU
		{9A6F490D-63EA-4364-803A-23D1E10E5C7A}.Release|x86.ActiveCfg = Release|Any CPU
		{9A6F490D-63EA-4364-803A-23D1E10E5C7A}.Release|x86.Build.0 = Release|Any CPU
		{9A6F490D-63EA-4364-803A-23D1E10E5C7A}.Release|x86.Deploy.0 = Release|Any CPU
		{70CC5782-E5F4-472B-AE41-2DCE21BE1C6C}.Debug|Any CPU.ActiveCfg = Debug|Any CPU
		{70CC5782-E5F4-472B-AE41-2DCE21BE1C6C}.Debug|Any CPU.Build.0 = Debug|Any CPU
		{70CC5782-E5F4-472B-AE41-2DCE21BE1C6C}.Debug|ARM.ActiveCfg = Debug|Any CPU
		{70CC5782-E5F4-472B-AE41-2DCE21BE1C6C}.Debug|ARM.Build.0 = Debug|Any CPU
		{70CC5782-E5F4-472B-AE41-2DCE21BE1C6C}.Debug|iPhone.ActiveCfg = Debug|Any CPU
		{70CC5782-E5F4-472B-AE41-2DCE21BE1C6C}.Debug|iPhone.Build.0 = Debug|Any CPU
		{70CC5782-E5F4-472B-AE41-2DCE21BE1C6C}.Debug|iPhoneSimulator.ActiveCfg = Debug|Any CPU
		{70CC5782-E5F4-472B-AE41-2DCE21BE1C6C}.Debug|iPhoneSimulator.Build.0 = Debug|Any CPU
		{70CC5782-E5F4-472B-AE41-2DCE21BE1C6C}.Debug|x64.ActiveCfg = Debug|Any CPU
		{70CC5782-E5F4-472B-AE41-2DCE21BE1C6C}.Debug|x64.Build.0 = Debug|Any CPU
		{70CC5782-E5F4-472B-AE41-2DCE21BE1C6C}.Debug|x86.ActiveCfg = Debug|Any CPU
		{70CC5782-E5F4-472B-AE41-2DCE21BE1C6C}.Debug|x86.Build.0 = Debug|Any CPU
		{70CC5782-E5F4-472B-AE41-2DCE21BE1C6C}.Release|Any CPU.ActiveCfg = Release|Any CPU
		{70CC5782-E5F4-472B-AE41-2DCE21BE1C6C}.Release|Any CPU.Build.0 = Release|Any CPU
		{70CC5782-E5F4-472B-AE41-2DCE21BE1C6C}.Release|ARM.ActiveCfg = Release|Any CPU
		{70CC5782-E5F4-472B-AE41-2DCE21BE1C6C}.Release|ARM.Build.0 = Release|Any CPU
		{70CC5782-E5F4-472B-AE41-2DCE21BE1C6C}.Release|iPhone.ActiveCfg = Release|Any CPU
		{70CC5782-E5F4-472B-AE41-2DCE21BE1C6C}.Release|iPhone.Build.0 = Release|Any CPU
		{70CC5782-E5F4-472B-AE41-2DCE21BE1C6C}.Release|iPhoneSimulator.ActiveCfg = Release|Any CPU
		{70CC5782-E5F4-472B-AE41-2DCE21BE1C6C}.Release|iPhoneSimulator.Build.0 = Release|Any CPU
		{70CC5782-E5F4-472B-AE41-2DCE21BE1C6C}.Release|x64.ActiveCfg = Release|Any CPU
		{70CC5782-E5F4-472B-AE41-2DCE21BE1C6C}.Release|x64.Build.0 = Release|Any CPU
		{70CC5782-E5F4-472B-AE41-2DCE21BE1C6C}.Release|x86.ActiveCfg = Release|Any CPU
		{70CC5782-E5F4-472B-AE41-2DCE21BE1C6C}.Release|x86.Build.0 = Release|Any CPU
	EndGlobalSection
	GlobalSection(SolutionProperties) = preSolution
		HideSolutionNode = FALSE
	EndGlobalSection
	GlobalSection(ExtensibilityGlobals) = postSolution
		SolutionGuid = {4925F966-5758-4695-A257-B15E62B19073}
	EndGlobalSection
EndGlobal
